// !$*UTF8*$!
{
	archiveVersion = 1;
	classes = {
	};
	objectVersion = 77;
	objects = {

/* Begin PBXContainerItemProxy section */
		7BF0BE8E2DE4278C00FB2829 /* PBXContainerItemProxy */ = {
			isa = PBXContainerItemProxy;
			containerPortal = 7BF0BE782DE4278B00FB2829 /* Project object */;
			proxyType = 1;
			remoteGlobalIDString = 7BF0BE7F2DE4278B00FB2829;
			remoteInfo = MemoryMatch;
		};
		7BF0BE982DE4278C00FB2829 /* PBXContainerItemProxy */ = {
			isa = PBXContainerItemProxy;
			containerPortal = 7BF0BE782DE4278B00FB2829 /* Project object */;
			proxyType = 1;
			remoteGlobalIDString = 7BF0BE7F2DE4278B00FB2829;
			remoteInfo = MemoryMatch;
		};
/* End PBXContainerItemProxy section */

/* Begin PBXFileReference section */
		7BF0BE802DE4278B00FB2829 /* MemoryMatch.app */ = {isa = PBXFileReference; explicitFileType = wrapper.application; includeInIndex = 0; path = MemoryMatch.app; sourceTree = BUILT_PRODUCTS_DIR; };
		7BF0BE8D2DE4278C00FB2829 /* MemoryMatchTests.xctest */ = {isa = PBXFileReference; explicitFileType = wrapper.cfbundle; includeInIndex = 0; path = MemoryMatchTests.xctest; sourceTree = BUILT_PRODUCTS_DIR; };
		7BF0BE972DE4278C00FB2829 /* MemoryMatchUITests.xctest */ = {isa = PBXFileReference; explicitFileType = wrapper.cfbundle; includeInIndex = 0; path = MemoryMatchUITests.xctest; sourceTree = BUILT_PRODUCTS_DIR; };
/* End PBXFileReference section */

/* Begin PBXFileSystemSynchronizedRootGroup section */
		7BF0BE822DE4278B00FB2829 /* MemoryMatch */ = {
			isa = PBXFileSystemSynchronizedRootGroup;
			path = MemoryMatch;
			sourceTree = "<group>";
		};
		7BF0BE902DE4278C00FB2829 /* MemoryMatchTests */ = {
			isa = PBXFileSystemSynchronizedRootGroup;
			path = MemoryMatchTests;
			sourceTree = "<group>";
		};
		7BF0BE9A2DE4278C00FB2829 /* MemoryMatchUITests */ = {
			isa = PBXFileSystemSynchronizedRootGroup;
			path = MemoryMatchUITests;
			sourceTree = "<group>";
		};
/* End PBXFileSystemSynchronizedRootGroup section */

/* Begin PBXFrameworksBuildPhase section */
		7BF0BE7D2DE4278B00FB2829 /* Frameworks */ = {
			isa = PBXFrameworksBuildPhase;
			buildActionMask = 2147483647;
			files = (
			);
			runOnlyForDeploymentPostprocessing = 0;
		};
		7BF0BE8A2DE4278C00FB2829 /* Frameworks */ = {
			isa = PBXFrameworksBuildPhase;
			buildActionMask = 2147483647;
			files = (
			);
			runOnlyForDeploymentPostprocessing = 0;
		};
		7BF0BE942DE4278C00FB2829 /* Frameworks */ = {
			isa = PBXFrameworksBuildPhase;
			buildActionMask = 2147483647;
			files = (
			);
			runOnlyForDeploymentPostprocessing = 0;
		};
/* End PBXFrameworksBuildPhase section */

/* Begin PBXGroup section */
		7BF0BE772DE4278B00FB2829 = {
			isa = PBXGroup;
			children = (
				7BF0BE822DE4278B00FB2829 /* MemoryMatch */,
				7BF0BE902DE4278C00FB2829 /* MemoryMatchTests */,
				7BF0BE9A2DE4278C00FB2829 /* MemoryMatchUITests */,
				7BF0BE812DE4278B00FB2829 /* Products */,
			);
			sourceTree = "<group>";
		};
		7BF0BE812DE4278B00FB2829 /* Products */ = {
			isa = PBXGroup;
			children = (
				7BF0BE802DE4278B00FB2829 /* MemoryMatch.app */,
				7BF0BE8D2DE4278C00FB2829 /* MemoryMatchTests.xctest */,
				7BF0BE972DE4278C00FB2829 /* MemoryMatchUITests.xctest */,
			);
			name = Products;
			sourceTree = "<group>";
		};
/* End PBXGroup section */

/* Begin PBXNativeTarget section */
		7BF0BE7F2DE4278B00FB2829 /* MemoryMatch */ = {
			isa = PBXNativeTarget;
			buildConfigurationList = 7BF0BEA12DE4278C00FB2829 /* Build configuration list for PBXNativeTarget "MemoryMatch" */;
			buildPhases = (
				7BF0BE7C2DE4278B00FB2829 /* Sources */,
				7BF0BE7D2DE4278B00FB2829 /* Frameworks */,
				7BF0BE7E2DE4278B00FB2829 /* Resources */,
			);
			buildRules = (
			);
			dependencies = (
			);
			fileSystemSynchronizedGroups = (
				7BF0BE822DE4278B00FB2829 /* MemoryMatch */,
			);
			name = MemoryMatch;
			packageProductDependencies = (
			);
			productName = MemoryMatch;
			productReference = 7BF0BE802DE4278B00FB2829 /* MemoryMatch.app */;
			productType = "com.apple.product-type.application";
		};
		7BF0BE8C2DE4278C00FB2829 /* MemoryMatchTests */ = {
			isa = PBXNativeTarget;
			buildConfigurationList = 7BF0BEA42DE4278C00FB2829 /* Build configuration list for PBXNativeTarget "MemoryMatchTests" */;
			buildPhases = (
				7BF0BE892DE4278C00FB2829 /* Sources */,
				7BF0BE8A2DE4278C00FB2829 /* Frameworks */,
				7BF0BE8B2DE4278C00FB2829 /* Resources */,
			);
			buildRules = (
			);
			dependencies = (
				7BF0BE8F2DE4278C00FB2829 /* PBXTargetDependency */,
			);
			fileSystemSynchronizedGroups = (
				7BF0BE902DE4278C00FB2829 /* MemoryMatchTests */,
			);
			name = MemoryMatchTests;
			packageProductDependencies = (
			);
			productName = MemoryMatchTests;
			productReference = 7BF0BE8D2DE4278C00FB2829 /* MemoryMatchTests.xctest */;
			productType = "com.apple.product-type.bundle.unit-test";
		};
		7BF0BE962DE4278C00FB2829 /* MemoryMatchUITests */ = {
			isa = PBXNativeTarget;
			buildConfigurationList = 7BF0BEA72DE4278C00FB2829 /* Build configuration list for PBXNativeTarget "MemoryMatchUITests" */;
			buildPhases = (
				7BF0BE932DE4278C00FB2829 /* Sources */,
				7BF0BE942DE4278C00FB2829 /* Frameworks */,
				7BF0BE952DE4278C00FB2829 /* Resources */,
			);
			buildRules = (
			);
			dependencies = (
				7BF0BE992DE4278C00FB2829 /* PBXTargetDependency */,
			);
			fileSystemSynchronizedGroups = (
				7BF0BE9A2DE4278C00FB2829 /* MemoryMatchUITests */,
			);
			name = MemoryMatchUITests;
			packageProductDependencies = (
			);
			productName = MemoryMatchUITests;
			productReference = 7BF0BE972DE4278C00FB2829 /* MemoryMatchUITests.xctest */;
			productType = "com.apple.product-type.bundle.ui-testing";
		};
/* End PBXNativeTarget section */

/* Begin PBXProject section */
		7BF0BE782DE4278B00FB2829 /* Project object */ = {
			isa = PBXProject;
			attributes = {
				BuildIndependentTargetsInParallel = 1;
				LastSwiftUpdateCheck = 1630;
				LastUpgradeCheck = 1630;
				TargetAttributes = {
					7BF0BE7F2DE4278B00FB2829 = {
						CreatedOnToolsVersion = 16.3;
					};
					7BF0BE8C2DE4278C00FB2829 = {
						CreatedOnToolsVersion = 16.3;
						TestTargetID = 7BF0BE7F2DE4278B00FB2829;
					};
					7BF0BE962DE4278C00FB2829 = {
						CreatedOnToolsVersion = 16.3;
						TestTargetID = 7BF0BE7F2DE4278B00FB2829;
					};
				};
			};
			buildConfigurationList = 7BF0BE7B2DE4278B00FB2829 /* Build configuration list for PBXProject "MemoryMatch" */;
			developmentRegion = en;
			hasScannedForEncodings = 0;
			knownRegions = (
				en,
				Base,
			);
			mainGroup = 7BF0BE772DE4278B00FB2829;
			minimizedProjectReferenceProxies = 1;
			preferredProjectObjectVersion = 77;
			productRefGroup = 7BF0BE812DE4278B00FB2829 /* Products */;
			projectDirPath = "";
			projectRoot = "";
			targets = (
				7BF0BE7F2DE4278B00FB2829 /* MemoryMatch */,
				7BF0BE8C2DE4278C00FB2829 /* MemoryMatchTests */,
				7BF0BE962DE4278C00FB2829 /* MemoryMatchUITests */,
			);
		};
/* End PBXProject section */

/* Begin PBXResourcesBuildPhase section */
		7BF0BE7E2DE4278B00FB2829 /* Resources */ = {
			isa = PBXResourcesBuildPhase;
			buildActionMask = 2147483647;
			files = (
			);
			runOnlyForDeploymentPostprocessing = 0;
		};
		7BF0BE8B2DE4278C00FB2829 /* Resources */ = {
			isa = PBXResourcesBuildPhase;
			buildActionMask = 2147483647;
			files = (
			);
			runOnlyForDeploymentPostprocessing = 0;
		};
		7BF0BE952DE4278C00FB2829 /* Resources */ = {
			isa = PBXResourcesBuildPhase;
			buildActionMask = 2147483647;
			files = (
			);
			runOnlyForDeploymentPostprocessing = 0;
		};
/* End PBXResourcesBuildPhase section */

/* Begin PBXSourcesBuildPhase section */
		7BF0BE7C2DE4278B00FB2829 /* Sources */ = {
			isa = PBXSourcesBuildPhase;
			buildActionMask = 2147483647;
			files = (
			);
			runOnlyForDeploymentPostprocessing = 0;
		};
		7BF0BE892DE4278C00FB2829 /* Sources */ = {
			isa = PBXSourcesBuildPhase;
			buildActionMask = 2147483647;
			files = (
			);
			runOnlyForDeploymentPostprocessing = 0;
		};
		7BF0BE932DE4278C00FB2829 /* Sources */ = {
			isa = PBXSourcesBuildPhase;
			buildActionMask = 2147483647;
			files = (
			);
			runOnlyForDeploymentPostprocessing = 0;
		};
/* End PBXSourcesBuildPhase section */

/* Begin PBXTargetDependency section */
		7BF0BE8F2DE4278C00FB2829 /* PBXTargetDependency */ = {
			isa = PBXTargetDependency;
			target = 7BF0BE7F2DE4278B00FB2829 /* MemoryMatch */;
			targetProxy = 7BF0BE8E2DE4278C00FB2829 /* PBXContainerItemProxy */;
		};
		7BF0BE992DE4278C00FB2829 /* PBXTargetDependency */ = {
			isa = PBXTargetDependency;
			target = 7BF0BE7F2DE4278B00FB2829 /* MemoryMatch */;
			targetProxy = 7BF0BE982DE4278C00FB2829 /* PBXContainerItemProxy */;
		};
/* End PBXTargetDependency section */

/* Begin XCBuildConfiguration section */
		7BF0BE9F2DE4278C00FB2829 /* Debug */ = {
			isa = XCBuildConfiguration;
			buildSettings = {
				ALWAYS_SEARCH_USER_PATHS = NO;
				ASSETCATALOG_COMPILER_GENERATE_SWIFT_ASSET_SYMBOL_EXTENSIONS = YES;
				CLANG_ANALYZER_NONNULL = YES;
				CLANG_ANALYZER_NUMBER_OBJECT_CONVERSION = YES_AGGRESSIVE;
				CLANG_CXX_LANGUAGE_STANDARD = "gnu++20";
				CLANG_ENABLE_MODULES = YES;
				CLANG_ENABLE_OBJC_ARC = YES;
				CLANG_ENABLE_OBJC_WEAK = YES;
				CLANG_WARN_BLOCK_CAPTURE_AUTORELEASING = YES;
				CLANG_WARN_BOOL_CONVERSION = YES;
				CLANG_WARN_COMMA = YES;
				CLANG_WARN_CONSTANT_CONVERSION = YES;
				CLANG_WARN_DEPRECATED_OBJC_IMPLEMENTATIONS = YES;
				CLANG_WARN_DIRECT_OBJC_ISA_USAGE = YES_ERROR;
				CLANG_WARN_DOCUMENTATION_COMMENTS = YES;
				CLANG_WARN_EMPTY_BODY = YES;
				CLANG_WARN_ENUM_CONVERSION = YES;
				CLANG_WARN_INFINITE_RECURSION = YES;
				CLANG_WARN_INT_CONVERSION = YES;
				CLANG_WARN_NON_LITERAL_NULL_CONVERSION = YES;
				CLANG_WARN_OBJC_IMPLICIT_RETAIN_SELF = YES;
				CLANG_WARN_OBJC_LITERAL_CONVERSION = YES;
				CLANG_WARN_OBJC_ROOT_CLASS = YES_ERROR;
				CLANG_WARN_QUOTED_INCLUDE_IN_FRAMEWORK_HEADER = YES;
				CLANG_WARN_RANGE_LOOP_ANALYSIS = YES;
				CLANG_WARN_STRICT_PROTOTYPES = YES;
				CLANG_WARN_SUSPICIOUS_MOVE = YES;
				CLANG_WARN_UNGUARDED_AVAILABILITY = YES_AGGRESSIVE;
				CLANG_WARN_UNREACHABLE_CODE = YES;
				CLANG_WARN__DUPLICATE_METHOD_MATCH = YES;
				COPY_PHASE_STRIP = NO;
				DEBUG_INFORMATION_FORMAT = dwarf;
				ENABLE_STRICT_OBJC_MSGSEND = YES;
				ENABLE_TESTABILITY = YES;
				ENABLE_USER_SCRIPT_SANDBOXING = YES;
				GCC_C_LANGUAGE_STANDARD = gnu17;
				GCC_DYNAMIC_NO_PIC = NO;
				GCC_NO_COMMON_BLOCKS = YES;
				GCC_OPTIMIZATION_LEVEL = 0;
				GCC_PREPROCESSOR_DEFINITIONS = (
					"DEBUG=1",
					"$(inherited)",
				);
				GCC_WARN_64_TO_32_BIT_CONVERSION = YES;
				GCC_WARN_ABOUT_RETURN_TYPE = YES_ERROR;
				GCC_WARN_UNDECLARED_SELECTOR = YES;
				GCC_WARN_UNINITIALIZED_AUTOS = YES_AGGRESSIVE;
				GCC_WARN_UNUSED_FUNCTION = YES;
				GCC_WARN_UNUSED_VARIABLE = YES;
				IPHONEOS_DEPLOYMENT_TARGET = 18.4;
				LOCALIZATION_PREFERS_STRING_CATALOGS = YES;
				MTL_ENABLE_DEBUG_INFO = INCLUDE_SOURCE;
				MTL_FAST_MATH = YES;
				ONLY_ACTIVE_ARCH = YES;
				SDKROOT = iphoneos;
				SWIFT_ACTIVE_COMPILATION_CONDITIONS = "DEBUG $(inherited)";
				SWIFT_OPTIMIZATION_LEVEL = "-Onone";
			};
			name = Debug;
		};
		7BF0BEA02DE4278C00FB2829 /* Release */ = {
			isa = XCBuildConfiguration;
			buildSettings = {
				ALWAYS_SEARCH_USER_PATHS = NO;
				ASSETCATALOG_COMPILER_GENERATE_SWIFT_ASSET_SYMBOL_EXTENSIONS = YES;
				CLANG_ANALYZER_NONNULL = YES;
				CLANG_ANALYZER_NUMBER_OBJECT_CONVERSION = YES_AGGRESSIVE;
				CLANG_CXX_LANGUAGE_STANDARD = "gnu++20";
				CLANG_ENABLE_MODULES = YES;
				CLANG_ENABLE_OBJC_ARC = YES;
				CLANG_ENABLE_OBJC_WEAK = YES;
				CLANG_WARN_BLOCK_CAPTURE_AUTORELEASING = YES;
				CLANG_WARN_BOOL_CONVERSION = YES;
				CLANG_WARN_COMMA = YES;
				CLANG_WARN_CONSTANT_CONVERSION = YES;
				CLANG_WARN_DEPRECATED_OBJC_IMPLEMENTATIONS = YES;
				CLANG_WARN_DIRECT_OBJC_ISA_USAGE = YES_ERROR;
				CLANG_WARN_DOCUMENTATION_COMMENTS = YES;
				CLANG_WARN_EMPTY_BODY = YES;
				CLANG_WARN_ENUM_CONVERSION = YES;
				CLANG_WARN_INFINITE_RECURSION = YES;
				CLANG_WARN_INT_CONVERSION = YES;
				CLANG_WARN_NON_LITERAL_NULL_CONVERSION = YES;
				CLANG_WARN_OBJC_IMPLICIT_RETAIN_SELF = YES;
				CLANG_WARN_OBJC_LITERAL_CONVERSION = YES;
				CLANG_WARN_OBJC_ROOT_CLASS = YES_ERROR;
				CLANG_WARN_QUOTED_INCLUDE_IN_FRAMEWORK_HEADER = YES;
				CLANG_WARN_RANGE_LOOP_ANALYSIS = YES;
				CLANG_WARN_STRICT_PROTOTYPES = YES;
				CLANG_WARN_SUSPICIOUS_MOVE = YES;
				CLANG_WARN_UNGUARDED_AVAILABILITY = YES_AGGRESSIVE;
				CLANG_WARN_UNREACHABLE_CODE = YES;
				CLANG_WARN__DUPLICATE_METHOD_MATCH = YES;
				COPY_PHASE_STRIP = NO;
				DEBUG_INFORMATION_FORMAT = "dwarf-with-dsym";
				ENABLE_NS_ASSERTIONS = NO;
				ENABLE_STRICT_OBJC_MSGSEND = YES;
				ENABLE_USER_SCRIPT_SANDBOXING = YES;
				GCC_C_LANGUAGE_STANDARD = gnu17;
				GCC_NO_COMMON_BLOCKS = YES;
				GCC_WARN_64_TO_32_BIT_CONVERSION = YES;
				GCC_WARN_ABOUT_RETURN_TYPE = YES_ERROR;
				GCC_WARN_UNDECLARED_SELECTOR = YES;
				GCC_WARN_UNINITIALIZED_AUTOS = YES_AGGRESSIVE;
				GCC_WARN_UNUSED_FUNCTION = YES;
				GCC_WARN_UNUSED_VARIABLE = YES;
				IPHONEOS_DEPLOYMENT_TARGET = 18.4;
				LOCALIZATION_PREFERS_STRING_CATALOGS = YES;
				MTL_ENABLE_DEBUG_INFO = NO;
				MTL_FAST_MATH = YES;
				SDKROOT = iphoneos;
				SWIFT_COMPILATION_MODE = wholemodule;
				VALIDATE_PRODUCT = YES;
			};
			name = Release;
		};
		7BF0BEA22DE4278C00FB2829 /* Debug */ = {
			isa = XCBuildConfiguration;
			buildSettings = {
				ASSETCATALOG_COMPILER_APPICON_NAME = AppIcon;
				ASSETCATALOG_COMPILER_GLOBAL_ACCENT_COLOR_NAME = AccentColor;
				CODE_SIGN_STYLE = Automatic;
				CURRENT_PROJECT_VERSION = 1;
				ENABLE_PREVIEWS = YES;
				GENERATE_INFOPLIST_FILE = YES;
				INFOPLIST_KEY_UIApplicationSceneManifest_Generation = YES;
				INFOPLIST_KEY_UIApplicationSupportsIndirectInputEvents = YES;
				INFOPLIST_KEY_UILaunchScreen_Generation = YES;
				INFOPLIST_KEY_UISupportedInterfaceOrientations_iPad = "UIInterfaceOrientationPortrait UIInterfaceOrientationPortraitUpsideDown UIInterfaceOrientationLandscapeLeft UIInterfaceOrientationLandscapeRight";
				INFOPLIST_KEY_UISupportedInterfaceOrientations_iPhone = "UIInterfaceOrientationPortrait UIInterfaceOrientationLandscapeLeft UIInterfaceOrientationLandscapeRight";
				LD_RUNPATH_SEARCH_PATHS = (
					"$(inherited)",
					"@executable_path/Frameworks",
				);
				MARKETING_VERSION = 1.0;
				PRODUCT_BUNDLE_IDENTIFIER = com.aishwarya.MemoryMatch;
				PRODUCT_NAME = "$(TARGET_NAME)";
				SWIFT_EMIT_LOC_STRINGS = YES;
				SWIFT_VERSION = 5.0;
				TARGETED_DEVICE_FAMILY = "1,2";
			};
			name = Debug;
		};
		7BF0BEA32DE4278C00FB2829 /* Release */ = {
			isa = XCBuildConfiguration;
			buildSettings = {
				ASSETCATALOG_COMPILER_APPICON_NAME = AppIcon;
				ASSETCATALOG_COMPILER_GLOBAL_ACCENT_COLOR_NAME = AccentColor;
				CODE_SIGN_STYLE = Automatic;
				CURRENT_PROJECT_VERSION = 1;
				ENABLE_PREVIEWS = YES;
				GENERATE_INFOPLIST_FILE = YES;
				INFOPLIST_KEY_UIApplicationSceneManifest_Generation = YES;
				INFOPLIST_KEY_UIApplicationSupportsIndirectInputEvents = YES;
				INFOPLIST_KEY_UILaunchScreen_Generation = YES;
				INFOPLIST_KEY_UISupportedInterfaceOrientations_iPad = "UIInterfaceOrientationPortrait UIInterfaceOrientationPortraitUpsideDown UIInterfaceOrientationLandscapeLeft UIInterfaceOrientationLandscapeRight";
				INFOPLIST_KEY_UISupportedInterfaceOrientations_iPhone = "UIInterfaceOrientationPortrait UIInterfaceOrientationLandscapeLeft UIInterfaceOrientationLandscapeRight";
				LD_RUNPATH_SEARCH_PATHS = (
					"$(inherited)",
					"@executable_path/Frameworks",
				);
				MARKETING_VERSION = 1.0;
				PRODUCT_BUNDLE_IDENTIFIER = com.aishwarya.MemoryMatch;
				PRODUCT_NAME = "$(TARGET_NAME)";
				SWIFT_EMIT_LOC_STRINGS = YES;
				SWIFT_VERSION = 5.0;
				TARGETED_DEVICE_FAMILY = "1,2";
			};
			name = Release;
		};
		7BF0BEA52DE4278C00FB2829 /* Debug */ = {
			isa = XCBuildConfiguration;
			buildSettings = {
				BUNDLE_LOADER = "$(TEST_HOST)";
				CODE_SIGN_STYLE = Automatic;
				CURRENT_PROJECT_VERSION = 1;
				GENERATE_INFOPLIST_FILE = YES;
				IPHONEOS_DEPLOYMENT_TARGET = 18.4;
				MARKETING_VERSION = 1.0;
				PRODUCT_BUNDLE_IDENTIFIER = com.aishwarya.MemoryMatchTests;
				PRODUCT_NAME = "$(TARGET_NAME)";
				SWIFT_EMIT_LOC_STRINGS = NO;
				SWIFT_VERSION = 5.0;
				TARGETED_DEVICE_FAMILY = "1,2";
				TEST_HOST = "$(BUILT_PRODUCTS_DIR)/MemoryMatch.app/$(BUNDLE_EXECUTABLE_FOLDER_PATH)/MemoryMatch";
			};
			name = Debug;
		};
		7BF0BEA62DE4278C00FB2829 /* Release */ = {
			isa = XCBuildConfiguration;
			buildSettings = {
				BUNDLE_LOADER = "$(TEST_HOST)";
				CODE_SIGN_STYLE = Automatic;
				CURRENT_PROJECT_VERSION = 1;
				GENERATE_INFOPLIST_FILE = YES;
				IPHONEOS_DEPLOYMENT_TARGET = 18.4;
				MARKETING_VERSION = 1.0;
				PRODUCT_BUNDLE_IDENTIFIER = com.aishwarya.MemoryMatchTests;
				PRODUCT_NAME = "$(TARGET_NAME)";
				SWIFT_EMIT_LOC_STRINGS = NO;
				SWIFT_VERSION = 5.0;
				TARGETED_DEVICE_FAMILY = "1,2";
				TEST_HOST = "$(BUILT_PRODUCTS_DIR)/MemoryMatch.app/$(BUNDLE_EXECUTABLE_FOLDER_PATH)/MemoryMatch";
			};
			name = Release;
		};
		7BF0BEA82DE4278C00FB2829 /* Debug */ = {
			isa = XCBuildConfiguration;
			buildSettings = {
				CODE_SIGN_STYLE = Automatic;
				CURRENT_PROJECT_VERSION = 1;
				GENERATE_INFOPLIST_FILE = YES;
				MARKETING_VERSION = 1.0;
				PRODUCT_BUNDLE_IDENTIFIER = com.aishwarya.MemoryMatchUITests;
				PRODUCT_NAME = "$(TARGET_NAME)";
				SWIFT_EMIT_LOC_STRINGS = NO;
				SWIFT_VERSION = 5.0;
				TARGETED_DEVICE_FAMILY = "1,2";
				TEST_TARGET_NAME = MemoryMatch;
			};
			name = Debug;
		};
		7BF0BEA92DE4278C00FB2829 /* Release */ = {
			isa = XCBuildConfiguration;
			buildSettings = {
				CODE_SIGN_STYLE = Automatic;
				CURRENT_PROJECT_VERSION = 1;
				GENERATE_INFOPLIST_FILE = YES;
				MARKETING_VERSION = 1.0;
				PRODUCT_BUNDLE_IDENTIFIER = com.aishwarya.MemoryMatchUITests;
				PRODUCT_NAME = "$(TARGET_NAME)";
				SWIFT_EMIT_LOC_STRINGS = NO;
				SWIFT_VERSION = 5.0;
				TARGETED_DEVICE_FAMILY = "1,2";
				TEST_TARGET_NAME = MemoryMatch;
			};
			name = Release;
		};
/* End XCBuildConfiguration section */

/* Begin XCConfigurationList section */
		7BF0BE7B2DE4278B00FB2829 /* Build configuration list for PBXProject "MemoryMatch" */ = {
			isa = XCConfigurationList;
			buildConfigurations = (
				7BF0BE9F2DE4278C00FB2829 /* Debug */,
				7BF0BEA02DE4278C00FB2829 /* Release */,
			);
			defaultConfigurationIsVisible = 0;
			defaultConfigurationName = Release;
		};
		7BF0BEA12DE4278C00FB2829 /* Build configuration list for PBXNativeTarget "MemoryMatch" */ = {
			isa = XCConfigurationList;
			buildConfigurations = (
				7BF0BEA22DE4278C00FB2829 /* Debug */,
				7BF0BEA32DE4278C00FB2829 /* Release */,
			);
			defaultConfigurationIsVisible = 0;
			defaultConfigurationName = Release;
		};
		7BF0BEA42DE4278C00FB2829 /* Build configuration list for PBXNativeTarget "MemoryMatchTests" */ = {
			isa = XCConfigurationList;
			buildConfigurations = (
				7BF0BEA52DE4278C00FB2829 /* Debug */,
				7BF0BEA62DE4278C00FB2829 /* Release */,
			);
			defaultConfigurationIsVisible = 0;
			defaultConfigurationName = Release;
		};
		7BF0BEA72DE4278C00FB2829 /* Build configuration list for PBXNativeTarget "MemoryMatchUITests" */ = {
			isa = XCConfigurationList;
			buildConfigurations = (
				7BF0BEA82DE4278C00FB2829 /* Debug */,
				7BF0BEA92DE4278C00FB2829 /* Release */,
			);
			defaultConfigurationIsVisible = 0;
			defaultConfigurationName = Release;
		};
/* End XCConfigurationList section */
	};
	rootObject = 7BF0BE782DE4278B00FB2829 /* Project object */;
}
